<?xml version="1.0" encoding="utf-8"?>
<Project ToolsVersion="4.0" xmlns="http://schemas.microsoft.com/developer/msbuild/2003">
  <ItemGroup>
    <Filter Include="Network">
      <UniqueIdentifier>{2dd9824e-3946-4d18-b605-74578fd1af77}</UniqueIdentifier>
    </Filter>
    <Filter Include="Utils">
      <UniqueIdentifier>{8415917f-b156-480b-a85f-1c7e6c64172e}</UniqueIdentifier>
    </Filter>
    <Filter Include="Main">
      <UniqueIdentifier>{0266c35d-0dbe-4a4f-a130-ce2617afa929}</UniqueIdentifier>
    </Filter>
    <Filter Include="Thread">
      <UniqueIdentifier>{8fa88cce-5616-497f-8f32-99b5f0901f5e}</UniqueIdentifier>
    </Filter>
    <Filter Include="Memory">
      <UniqueIdentifier>{f7d31bb4-fe3e-4f97-806a-1c4891e15a79}</UniqueIdentifier>
    </Filter>
  </ItemGroup>
  <ItemGroup>
    <ClInclude Include="Types.h">
      <Filter>Main</Filter>
    </ClInclude>
    <ClInclude Include="pch.h">
      <Filter>Main</Filter>
    </ClInclude>
    <ClInclude Include="CorePch.h">
      <Filter>Main</Filter>
    </ClInclude>
    <ClInclude Include="CoreTLS.h">
      <Filter>Main</Filter>
    </ClInclude>
    <ClInclude Include="CoreGlobal.h">
      <Filter>Main</Filter>
    </ClInclude>
    <ClInclude Include="CoreMacro.h">
      <Filter>Main</Filter>
    </ClInclude>
    <ClInclude Include="ThreadManager.h">
      <Filter>Thread</Filter>
    </ClInclude>
    <ClInclude Include="Lock.h">
      <Filter>Thread</Filter>
    </ClInclude>
    <ClInclude Include="DeadLockProfiler.h">
      <Filter>Thread</Filter>
    </ClInclude>
    <ClInclude Include="RefCounting.h">
      <Filter>Memory</Filter>
    </ClInclude>
  </ItemGroup>
  <ItemGroup>
    <ClCompile Include="pch.cpp">
      <Filter>Main</Filter>
    </ClCompile>
    <ClCompile Include="CorePch.cpp">
      <Filter>Main</Filter>
    </ClCompile>
    <ClCompile Include="CoreTLS.cpp">
      <Filter>Main</Filter>
    </ClCompile>
    <ClCompile Include="CoreGlobal.cpp">
      <Filter>Main</Filter>
    </ClCompile>
    <ClCompile Include="ThreadManager.cpp">
      <Filter>Thread</Filter>
    </ClCompile>
    <ClCompile Include="Lock.cpp">
      <Filter>Thread</Filter>
    </ClCompile>
    <ClCompile Include="DeadLockProfiler.cpp">
      <Filter>Thread</Filter>
    </ClCompile>
    <ClCompile Include="RefCounting.cpp">
      <Filter>Memory</Filter>
    </ClCompile>
  </ItemGroup>
</Project>